
Microsoft Visual Studio Solution File, Format Version 12.00
# Visual Studio Version 17
VisualStudioVersion = 17.8.34316.72
MinimumVisualStudioVersion = 10.0.40219.1
Project("{FAE04EC0-301F-11D3-BF4B-00C04F79EFBC}") = "Ecommerce_NET_Core 8_MVC", "Ecommerce_NET_Core 8_MVC\Ecommerce_NET_Core 8_MVC.csproj", "{A39B872C-651F-4640-88F0-FEEF8695CFEB}"
EndProject
Global
	GlobalSection(SolutionConfigurationPlatforms) = preSolution
		Debug|Any CPU = Debug|Any CPU
		Release|Any CPU = Release|Any CPU
	EndGlobalSection
	GlobalSection(ProjectConfigurationPlatforms) = postSolution
		{A39B872C-651F-4640-88F0-FEEF8695CFEB}.Debug|Any CPU.ActiveCfg = Debug|Any CPU
		{A39B872C-651F-4640-88F0-FEEF8695CFEB}.Debug|Any CPU.Build.0 = Debug|Any CPU
		{A39B872C-651F-4640-88F0-FEEF8695CFEB}.Release|Any CPU.ActiveCfg = Release|Any CPU
		{A39B872C-651F-4640-88F0-FEEF8695CFEB}.Release|Any CPU.Build.0 = Release|Any CPU
	EndGlobalSection
	GlobalSection(SolutionProperties) = preSolution
		HideSolutionNode = FALSE
	EndGlobalSection
	GlobalSection(ExtensibilityGlobals) = postSolution
		SolutionGuid = {6C57A4BE-D959-4EE2-9B60-D3B37EE2949F}
	EndGlobalSection
EndGlobal
